
Microsoft Visual Studio Solution File, Format Version 12.00
# Visual Studio Version 16
VisualStudioVersion = 16.0.31205.134
MinimumVisualStudioVersion = 10.0.40219.1
Project("{9A19103F-16F7-4668-BE54-9A1E7A4F7556}") = "Backend2", "Backend2\Backend2.csproj", "{B69FD06F-FB3F-4134-B7F3-68DB86B4FA47}"
EndProject
Global
	GlobalSection(SolutionConfigurationPlatforms) = preSolution
		Debug|Any CPU = Debug|Any CPU
		Release|Any CPU = Release|Any CPU
	EndGlobalSection
	GlobalSection(ProjectConfigurationPlatforms) = postSolution
		{B69FD06F-FB3F-4134-B7F3-68DB86B4FA47}.Debug|Any CPU.ActiveCfg = Debug|Any CPU
		{B69FD06F-FB3F-4134-B7F3-68DB86B4FA47}.Debug|Any CPU.Build.0 = Debug|Any CPU
		{B69FD06F-FB3F-4134-B7F3-68DB86B4FA47}.Release|Any CPU.ActiveCfg = Release|Any CPU
		{B69FD06F-FB3F-4134-B7F3-68DB86B4FA47}.Release|Any CPU.Build.0 = Release|Any CPU
	EndGlobalSection
	GlobalSection(SolutionProperties) = preSolution
		HideSolutionNode = FALSE
	EndGlobalSection
	GlobalSection(ExtensibilityGlobals) = postSolution
		SolutionGuid = {6D80739D-C02C-45BF-A4F0-9312193E074A}
	EndGlobalSection
EndGlobal
